
Microsoft Visual Studio Solution File, Format Version 12.00
# Visual Studio Version 17
VisualStudioVersion = 17.4.33205.214
MinimumVisualStudioVersion = 10.0.40219.1
Project("{FAE04EC0-301F-11D3-BF4B-00C04F79EFBC}") = "Polymorphism_BITC", "Polymorphism_BITC\Polymorphism_BITC.csproj", "{24C684B2-A6B9-4A61-8C93-8725EDA4447A}"
EndProject
Global
	GlobalSection(SolutionConfigurationPlatforms) = preSolution
		Debug|Any CPU = Debug|Any CPU
		Release|Any CPU = Release|Any CPU
	EndGlobalSection
	GlobalSection(ProjectConfigurationPlatforms) = postSolution
		{24C684B2-A6B9-4A61-8C93-8725EDA4447A}.Debug|Any CPU.ActiveCfg = Debug|Any CPU
		{24C684B2-A6B9-4A61-8C93-8725EDA4447A}.Debug|Any CPU.Build.0 = Debug|Any CPU
		{24C684B2-A6B9-4A61-8C93-8725EDA4447A}.Release|Any CPU.ActiveCfg = Release|Any CPU
		{24C684B2-A6B9-4A61-8C93-8725EDA4447A}.Release|Any CPU.Build.0 = Release|Any CPU
	EndGlobalSection
	GlobalSection(SolutionProperties) = preSolution
		HideSolutionNode = FALSE
	EndGlobalSection
	GlobalSection(ExtensibilityGlobals) = postSolution
		SolutionGuid = {357F8354-FC45-4FB8-AC7B-D233CDC11093}
	EndGlobalSection
EndGlobal
